
Microsoft Visual Studio Solution File, Format Version 12.00
# Visual Studio Version 17
VisualStudioVersion = 17.4.33122.133
MinimumVisualStudioVersion = 10.0.40219.1
Project("{FAE04EC0-301F-11D3-BF4B-00C04F79EFBC}") = "Data", "Data\Data.csproj", "{2DBE0802-733A-47C0-BDC4-6454DE4DD2FC}"
EndProject
Project("{FAE04EC0-301F-11D3-BF4B-00C04F79EFBC}") = "Services", "Services\Services.csproj", "{48684964-E3DF-4067-91E7-5DF111853978}"
EndProject
Project("{FAE04EC0-301F-11D3-BF4B-00C04F79EFBC}") = "Core", "Core\Core.csproj", "{6242D90E-66BD-4B75-9C4A-44778889F4C1}"
EndProject
Project("{FAE04EC0-301F-11D3-BF4B-00C04F79EFBC}") = "UI.MVC", "UI.MVC\UI.MVC.csproj", "{DC445304-5DBD-4871-987C-DD3D60F72A37}"
EndProject
Project("{FAE04EC0-301F-11D3-BF4B-00C04F79EFBC}") = "UI.Main", "UI.Main\UI.Main.csproj", "{EC90B539-D202-40AE-B3AD-CCCAEEB9FA66}"
EndProject
Global
	GlobalSection(SolutionConfigurationPlatforms) = preSolution
		Debug|Any CPU = Debug|Any CPU
		Release|Any CPU = Release|Any CPU
	EndGlobalSection
	GlobalSection(ProjectConfigurationPlatforms) = postSolution
		{2DBE0802-733A-47C0-BDC4-6454DE4DD2FC}.Debug|Any CPU.ActiveCfg = Debug|Any CPU
		{2DBE0802-733A-47C0-BDC4-6454DE4DD2FC}.Debug|Any CPU.Build.0 = Debug|Any CPU
		{2DBE0802-733A-47C0-BDC4-6454DE4DD2FC}.Release|Any CPU.ActiveCfg = Release|Any CPU
		{2DBE0802-733A-47C0-BDC4-6454DE4DD2FC}.Release|Any CPU.Build.0 = Release|Any CPU
		{48684964-E3DF-4067-91E7-5DF111853978}.Debug|Any CPU.ActiveCfg = Debug|Any CPU
		{48684964-E3DF-4067-91E7-5DF111853978}.Debug|Any CPU.Build.0 = Debug|Any CPU
		{48684964-E3DF-4067-91E7-5DF111853978}.Release|Any CPU.ActiveCfg = Release|Any CPU
		{48684964-E3DF-4067-91E7-5DF111853978}.Release|Any CPU.Build.0 = Release|Any CPU
		{6242D90E-66BD-4B75-9C4A-44778889F4C1}.Debug|Any CPU.ActiveCfg = Debug|Any CPU
		{6242D90E-66BD-4B75-9C4A-44778889F4C1}.Debug|Any CPU.Build.0 = Debug|Any CPU
		{6242D90E-66BD-4B75-9C4A-44778889F4C1}.Release|Any CPU.ActiveCfg = Release|Any CPU
		{6242D90E-66BD-4B75-9C4A-44778889F4C1}.Release|Any CPU.Build.0 = Release|Any CPU
		{DC445304-5DBD-4871-987C-DD3D60F72A37}.Debug|Any CPU.ActiveCfg = Debug|Any CPU
		{DC445304-5DBD-4871-987C-DD3D60F72A37}.Debug|Any CPU.Build.0 = Debug|Any CPU
		{DC445304-5DBD-4871-987C-DD3D60F72A37}.Release|Any CPU.ActiveCfg = Release|Any CPU
		{DC445304-5DBD-4871-987C-DD3D60F72A37}.Release|Any CPU.Build.0 = Release|Any CPU
		{EC90B539-D202-40AE-B3AD-CCCAEEB9FA66}.Debug|Any CPU.ActiveCfg = Debug|Any CPU
		{EC90B539-D202-40AE-B3AD-CCCAEEB9FA66}.Debug|Any CPU.Build.0 = Debug|Any CPU
		{EC90B539-D202-40AE-B3AD-CCCAEEB9FA66}.Release|Any CPU.ActiveCfg = Release|Any CPU
		{EC90B539-D202-40AE-B3AD-CCCAEEB9FA66}.Release|Any CPU.Build.0 = Release|Any CPU
	EndGlobalSection
	GlobalSection(SolutionProperties) = preSolution
		HideSolutionNode = FALSE
	EndGlobalSection
	GlobalSection(ExtensibilityGlobals) = postSolution
		SolutionGuid = {94ECFF1A-611E-49DD-B9E7-BE2304AC6400}
	EndGlobalSection
EndGlobal
